# This file was autogenerated by Stack.
# You should not edit this file by hand.
# For more information, please see the documentation at:
#   https://docs.haskellstack.org/en/stable/lock_files

packages:
- completed:
    cabal-file:
      size: 1790
      sha256: ef8e9216397ef881dd276d3ca5486371d6e1a60fb54b35fddf0f29f045982b6f
    name: generics-mrsop
    version: 2.3.0
    git: git@github.com:VictorCMiraldo/generics-mrsop.git
    pantry-tree:
      size: 2094
      sha256: 52a56127463ebaf9a0c2ab0fc8c1989e095dd11003e3e0d13641883001e9e46f
    commit: 293bbd43b07f6562ca72725218bb1bd8d7406767
  original:
    git: git@github.com:VictorCMiraldo/generics-mrsop.git
    commit: 293bbd43b07f6562ca72725218bb1bd8d7406767
snapshots:
- completed:
    size: 523448
    url: https://raw.githubusercontent.com/commercialhaskell/stackage-snapshots/master/lts/14/1.yaml
    sha256: 0045b9bae36c3bb2dd374c29b586389845af1557eea0423958d152fc500d4fbf
  original: lts-14.1
