# This file was autogenerated by Stack.
# You should not edit this file by hand.
# For more information, please see the documentation at:
#   https://docs.haskellstack.org/en/stable/lock_files

packages:
- completed:
    hackage: generics-mrsop-2.2.0@sha256:5ea5325b02068b5668ab10badd34ae32e4bbeaaf72d87bfe25d581b72ee4837f,1790
    pantry-tree:
      size: 1402
      sha256: 52965216df7c138b1e463a16eff4971f2a4bbdd21c351f852fe9953a1860d274
  original:
    hackage: generics-mrsop-2.2.0
snapshots:
- completed:
    size: 523448
    url: https://raw.githubusercontent.com/commercialhaskell/stackage-snapshots/master/lts/14/1.yaml
    sha256: 0045b9bae36c3bb2dd374c29b586389845af1557eea0423958d152fc500d4fbf
  original: lts-14.1
